
Microsoft Visual Studio Solution File, Format Version 11.00
# Visual Studio 2010
# SharpDevelop 4.4
Project("{FAE04EC0-301F-11D3-BF4B-00C04F79EFBC}") = "CheckIdentifier", "CheckIdentifier\CheckIdentifier.csproj", "{53610C3F-8F4A-4B34-96EE-36869C2E184E}"
EndProject
Project("{FAE04EC0-301F-11D3-BF4B-00C04F79EFBC}") = "CheckIdentifierTests", "CheckIdentifier.Tests\CheckIdentifierTests.csproj", "{C2459058-707B-470B-9D19-92FB2DE1A3C1}"
EndProject
Global
	GlobalSection(SolutionConfigurationPlatforms) = preSolution
		Debug|Any CPU = Debug|Any CPU
		Release|Any CPU = Release|Any CPU
	EndGlobalSection
	GlobalSection(ProjectConfigurationPlatforms) = postSolution
		{53610C3F-8F4A-4B34-96EE-36869C2E184E}.Debug|Any CPU.Build.0 = Debug|Any CPU
		{53610C3F-8F4A-4B34-96EE-36869C2E184E}.Debug|Any CPU.ActiveCfg = Debug|Any CPU
		{53610C3F-8F4A-4B34-96EE-36869C2E184E}.Release|Any CPU.Build.0 = Release|Any CPU
		{53610C3F-8F4A-4B34-96EE-36869C2E184E}.Release|Any CPU.ActiveCfg = Release|Any CPU
		{C2459058-707B-470B-9D19-92FB2DE1A3C1}.Debug|Any CPU.Build.0 = Debug|Any CPU
		{C2459058-707B-470B-9D19-92FB2DE1A3C1}.Debug|Any CPU.ActiveCfg = Debug|Any CPU
		{C2459058-707B-470B-9D19-92FB2DE1A3C1}.Release|Any CPU.Build.0 = Release|Any CPU
		{C2459058-707B-470B-9D19-92FB2DE1A3C1}.Release|Any CPU.ActiveCfg = Release|Any CPU
	EndGlobalSection
EndGlobal
