
Microsoft Visual Studio Solution File, Format Version 11.00
# Visual Studio 2010
# SharpDevelop 4.4
Project("{FAE04EC0-301F-11D3-BF4B-00C04F79EFBC}") = "hello_world", "hello_world\hello_world.csproj", "{D0E96342-5C3C-420D-8CB4-689928FFD304}"
EndProject
Global
	GlobalSection(SolutionConfigurationPlatforms) = preSolution
		Debug|Any CPU = Debug|Any CPU
		Release|Any CPU = Release|Any CPU
	EndGlobalSection
	GlobalSection(ProjectConfigurationPlatforms) = postSolution
		{D0E96342-5C3C-420D-8CB4-689928FFD304}.Debug|Any CPU.Build.0 = Debug|Any CPU
		{D0E96342-5C3C-420D-8CB4-689928FFD304}.Debug|Any CPU.ActiveCfg = Debug|Any CPU
		{D0E96342-5C3C-420D-8CB4-689928FFD304}.Release|Any CPU.Build.0 = Release|Any CPU
		{D0E96342-5C3C-420D-8CB4-689928FFD304}.Release|Any CPU.ActiveCfg = Release|Any CPU
	EndGlobalSection
EndGlobal
