
Microsoft Visual Studio Solution File, Format Version 11.00
# Visual Studio 2010
# SharpDevelop 4.4
Project("{FAE04EC0-301F-11D3-BF4B-00C04F79EFBC}") = "RemoveExtraBlanks", "RemoveExtraBlanks\RemoveExtraBlanks.csproj", "{877C93C3-38D2-4C5D-A806-4DB79EA2E2A0}"
EndProject
Project("{FAE04EC0-301F-11D3-BF4B-00C04F79EFBC}") = "RemoveExtraBlanksTests", "RemoveExtraBlanksTests\RemoveExtraBlanksTests.csproj", "{D6E2AA6F-6178-4D9D-A098-BCE136DC7BAC}"
EndProject
Global
	GlobalSection(SolutionConfigurationPlatforms) = preSolution
		Debug|Any CPU = Debug|Any CPU
		Release|Any CPU = Release|Any CPU
	EndGlobalSection
	GlobalSection(ProjectConfigurationPlatforms) = postSolution
		{877C93C3-38D2-4C5D-A806-4DB79EA2E2A0}.Debug|Any CPU.Build.0 = Debug|Any CPU
		{877C93C3-38D2-4C5D-A806-4DB79EA2E2A0}.Debug|Any CPU.ActiveCfg = Debug|Any CPU
		{877C93C3-38D2-4C5D-A806-4DB79EA2E2A0}.Release|Any CPU.Build.0 = Release|Any CPU
		{877C93C3-38D2-4C5D-A806-4DB79EA2E2A0}.Release|Any CPU.ActiveCfg = Release|Any CPU
		{D6E2AA6F-6178-4D9D-A098-BCE136DC7BAC}.Debug|Any CPU.Build.0 = Debug|Any CPU
		{D6E2AA6F-6178-4D9D-A098-BCE136DC7BAC}.Debug|Any CPU.ActiveCfg = Debug|Any CPU
		{D6E2AA6F-6178-4D9D-A098-BCE136DC7BAC}.Release|Any CPU.Build.0 = Release|Any CPU
		{D6E2AA6F-6178-4D9D-A098-BCE136DC7BAC}.Release|Any CPU.ActiveCfg = Release|Any CPU
	EndGlobalSection
EndGlobal
