
Microsoft Visual Studio Solution File, Format Version 11.00
# Visual Studio 2010
# SharpDevelop 4.4
Project("{FAE04EC0-301F-11D3-BF4B-00C04F79EFBC}") = "print_args", "print_args\print_args.csproj", "{C51A3F1B-566E-48B4-8479-1D70A82370F6}"
EndProject
Global
	GlobalSection(SolutionConfigurationPlatforms) = preSolution
		Debug|Any CPU = Debug|Any CPU
		Release|Any CPU = Release|Any CPU
	EndGlobalSection
	GlobalSection(ProjectConfigurationPlatforms) = postSolution
		{C51A3F1B-566E-48B4-8479-1D70A82370F6}.Debug|Any CPU.Build.0 = Debug|Any CPU
		{C51A3F1B-566E-48B4-8479-1D70A82370F6}.Debug|Any CPU.ActiveCfg = Debug|Any CPU
		{C51A3F1B-566E-48B4-8479-1D70A82370F6}.Release|Any CPU.Build.0 = Release|Any CPU
		{C51A3F1B-566E-48B4-8479-1D70A82370F6}.Release|Any CPU.ActiveCfg = Release|Any CPU
	EndGlobalSection
EndGlobal
